
Microsoft Visual Studio Solution File, Format Version 12.00
# Visual Studio Version 17
VisualStudioVersion = 17.4.33213.308
MinimumVisualStudioVersion = 10.0.40219.1
Project("{FAE04EC0-301F-11D3-BF4B-00C04F79EFBC}") = "SiricoAaron_Week2Assignment_DataDesign", "SiricoAaron_Week2Assignment_DataDesign\SiricoAaron_Week2Assignment_DataDesign.csproj", "{DC23DFAA-81F5-4534-99CB-AAE0202D1CF5}"
EndProject
Global
	GlobalSection(SolutionConfigurationPlatforms) = preSolution
		Debug|Any CPU = Debug|Any CPU
		Release|Any CPU = Release|Any CPU
	EndGlobalSection
	GlobalSection(ProjectConfigurationPlatforms) = postSolution
		{DC23DFAA-81F5-4534-99CB-AAE0202D1CF5}.Debug|Any CPU.ActiveCfg = Debug|Any CPU
		{DC23DFAA-81F5-4534-99CB-AAE0202D1CF5}.Debug|Any CPU.Build.0 = Debug|Any CPU
		{DC23DFAA-81F5-4534-99CB-AAE0202D1CF5}.Release|Any CPU.ActiveCfg = Release|Any CPU
		{DC23DFAA-81F5-4534-99CB-AAE0202D1CF5}.Release|Any CPU.Build.0 = Release|Any CPU
	EndGlobalSection
	GlobalSection(SolutionProperties) = preSolution
		HideSolutionNode = FALSE
	EndGlobalSection
	GlobalSection(ExtensibilityGlobals) = postSolution
		SolutionGuid = {F4B093BA-BECE-4B71-8560-8C44F2E7542A}
	EndGlobalSection
EndGlobal
